{
    "name": "babylon_dart_gen",
    "version": "0.2.0",
    "lockfileVersion": 2,
    "requires": true,
    "packages": {
        "": {
            "name": "babylon_dart_gen",
            "version": "0.2.0",
            "license": "MIT",
            "dependencies": {
                "babylonjs": "5.18.0",
                "babylonjs-loaders": "5.18.0",
                "babylonjs-serializers": "5.18.0",
                "snake-case": "^3.0.4",
                "typescript": "4.4.4"
            },
            "devDependencies": {
                "@types/node": "^17.0.36"
            }
        },
        "node_modules/@types/node": {
            "version": "17.0.41",
            "resolved": "https://registry.npmjs.org/@types/node/-/node-17.0.41.tgz",
            "integrity": "sha512-xA6drNNeqb5YyV5fO3OAEsnXLfO7uF0whiOfPTz5AeDo8KeZFmODKnvwPymMNO8qE/an8pVY/O50tig2SQCrGw==",
            "dev": true
        },
        "node_modules/babylonjs": {
            "version": "5.18.0",
            "resolved": "https://registry.npmjs.org/babylonjs/-/babylonjs-5.18.0.tgz",
            "integrity": "sha512-d4WrcR3e1FOnOlEtOofRH+OniZT4cx6EuDvKB0OkqnPnjD7ALuo5cmJDQmILWnDTOJRqojK7Psz9etEeNDionA==",
            "hasInstallScript": true
        },
        "node_modules/babylonjs-gltf2interface": {
            "version": "5.18.0",
            "resolved": "https://registry.npmjs.org/babylonjs-gltf2interface/-/babylonjs-gltf2interface-5.18.0.tgz",
            "integrity": "sha512-VucYtbedtHv89lEhgrD5ULoXTCcU8ZjyBygdh06VybiVSaCzQqTxam6ZFibazpkzB6maSHe8yAm3wE1EPfOxhg=="
        },
        "node_modules/babylonjs-loaders": {
            "version": "5.18.0",
            "resolved": "https://registry.npmjs.org/babylonjs-loaders/-/babylonjs-loaders-5.18.0.tgz",
            "integrity": "sha512-O4v8kGylkWlcHJfhToKiyQprkhcIWe0PiT5yudfTSkpXrWy7YXb1VzssxilfkLRFOr7MWHlNvW+zZNcTs+Sk8Q==",
            "license": "Apache-2.0",
            "dependencies": {
                "babylonjs": "^5.18.0",
                "babylonjs-gltf2interface": "^5.18.0"
            }
        },
        "node_modules/babylonjs-serializers": {
            "version": "5.18.0",
            "resolved": "https://registry.npmjs.org/babylonjs-serializers/-/babylonjs-serializers-5.18.0.tgz",
            "integrity": "sha512-NXfGKkrrET/SU9BqaL0ItyO+B+mCcYg2MibrBXONHNLOOKaUlrlWoWtaspJja5MvmhY8IghnHU6tn/DCSWZQ7Q==",
            "dependencies": {
                "babylonjs": "^5.18.0",
                "babylonjs-gltf2interface": "^5.18.0"
            }
        },
        "node_modules/dot-case": {
            "version": "3.0.4",
            "resolved": "https://registry.npmjs.org/dot-case/-/dot-case-3.0.4.tgz",
            "integrity": "sha512-Kv5nKlh6yRrdrGvxeJ2e5y2eRUpkUosIW4A2AS38zwSz27zu7ufDwQPi5Jhs3XAlGNetl3bmnGhQsMtkKJnj3w==",
            "dependencies": {
                "no-case": "^3.0.4",
                "tslib": "^2.0.3"
            }
        },
        "node_modules/lower-case": {
            "version": "2.0.2",
            "resolved": "https://registry.npmjs.org/lower-case/-/lower-case-2.0.2.tgz",
            "integrity": "sha512-7fm3l3NAF9WfN6W3JOmf5drwpVqX78JtoGJ3A6W0a6ZnldM41w2fV5D490psKFTpMds8TJse/eHLFFsNHHjHgg==",
            "dependencies": {
                "tslib": "^2.0.3"
            }
        },
        "node_modules/no-case": {
            "version": "3.0.4",
            "resolved": "https://registry.npmjs.org/no-case/-/no-case-3.0.4.tgz",
            "integrity": "sha512-fgAN3jGAh+RoxUGZHTSOLJIqUc2wmoBwGR4tbpNAKmmovFoWq0OdRkb0VkldReO2a2iBT/OEulG9XSUc10r3zg==",
            "dependencies": {
                "lower-case": "^2.0.2",
                "tslib": "^2.0.3"
            }
        },
        "node_modules/snake-case": {
            "version": "3.0.4",
            "resolved": "https://registry.npmjs.org/snake-case/-/snake-case-3.0.4.tgz",
            "integrity": "sha512-LAOh4z89bGQvl9pFfNF8V146i7o7/CqFPbqzYgP+yYzDIDeS9HaNFtXABamRW+AQzEVODcvE79ljJ+8a9YSdMg==",
            "dependencies": {
                "dot-case": "^3.0.4",
                "tslib": "^2.0.3"
            }
        },
        "node_modules/tslib": {
            "version": "2.4.0",
            "resolved": "https://registry.npmjs.org/tslib/-/tslib-2.4.0.tgz",
            "integrity": "sha512-d6xOpEDfsi2CZVlPQzGeux8XMwLT9hssAsaPYExaQMuYskwb+x1x7J371tWlbBdWHroy99KnVB6qIkUbs5X3UQ=="
        },
        "node_modules/typescript": {
            "version": "4.4.4",
            "resolved": "https://registry.npmjs.org/typescript/-/typescript-4.4.4.tgz",
            "integrity": "sha512-DqGhF5IKoBl8WNf8C1gu8q0xZSInh9j1kJJMqT3a94w1JzVaBU4EXOSMrz9yDqMT0xt3selp83fuFMQ0uzv6qA==",
            "license": "Apache-2.0",
            "bin": {
                "tsc": "bin/tsc",
                "tsserver": "bin/tsserver"
            },
            "engines": {
                "node": ">=4.2.0"
            }
        }
    },
    "dependencies": {
        "@types/node": {
            "version": "17.0.41",
            "resolved": "https://registry.npmjs.org/@types/node/-/node-17.0.41.tgz",
            "integrity": "sha512-xA6drNNeqb5YyV5fO3OAEsnXLfO7uF0whiOfPTz5AeDo8KeZFmODKnvwPymMNO8qE/an8pVY/O50tig2SQCrGw==",
            "dev": true
        },
        "babylonjs": {
            "version": "5.18.0",
            "resolved": "https://registry.npmjs.org/babylonjs/-/babylonjs-5.18.0.tgz",
            "integrity": "sha512-d4WrcR3e1FOnOlEtOofRH+OniZT4cx6EuDvKB0OkqnPnjD7ALuo5cmJDQmILWnDTOJRqojK7Psz9etEeNDionA=="
        },
        "babylonjs-gltf2interface": {
            "version": "5.18.0",
            "resolved": "https://registry.npmjs.org/babylonjs-gltf2interface/-/babylonjs-gltf2interface-5.18.0.tgz",
            "integrity": "sha512-VucYtbedtHv89lEhgrD5ULoXTCcU8ZjyBygdh06VybiVSaCzQqTxam6ZFibazpkzB6maSHe8yAm3wE1EPfOxhg=="
        },
        "babylonjs-loaders": {
            "version": "5.18.0",
            "resolved": "https://registry.npmjs.org/babylonjs-loaders/-/babylonjs-loaders-5.18.0.tgz",
            "integrity": "sha512-O4v8kGylkWlcHJfhToKiyQprkhcIWe0PiT5yudfTSkpXrWy7YXb1VzssxilfkLRFOr7MWHlNvW+zZNcTs+Sk8Q==",
            "requires": {
                "babylonjs": "^5.18.0",
                "babylonjs-gltf2interface": "^5.18.0"
            }
        },
        "babylonjs-serializers": {
            "version": "5.18.0",
            "resolved": "https://registry.npmjs.org/babylonjs-serializers/-/babylonjs-serializers-5.18.0.tgz",
            "integrity": "sha512-NXfGKkrrET/SU9BqaL0ItyO+B+mCcYg2MibrBXONHNLOOKaUlrlWoWtaspJja5MvmhY8IghnHU6tn/DCSWZQ7Q==",
            "requires": {
                "babylonjs": "^5.18.0",
                "babylonjs-gltf2interface": "^5.18.0"
            }
        },
        "dot-case": {
            "version": "3.0.4",
            "resolved": "https://registry.npmjs.org/dot-case/-/dot-case-3.0.4.tgz",
            "integrity": "sha512-Kv5nKlh6yRrdrGvxeJ2e5y2eRUpkUosIW4A2AS38zwSz27zu7ufDwQPi5Jhs3XAlGNetl3bmnGhQsMtkKJnj3w==",
            "requires": {
                "no-case": "^3.0.4",
                "tslib": "^2.0.3"
            }
        },
        "lower-case": {
            "version": "2.0.2",
            "resolved": "https://registry.npmjs.org/lower-case/-/lower-case-2.0.2.tgz",
            "integrity": "sha512-7fm3l3NAF9WfN6W3JOmf5drwpVqX78JtoGJ3A6W0a6ZnldM41w2fV5D490psKFTpMds8TJse/eHLFFsNHHjHgg==",
            "requires": {
                "tslib": "^2.0.3"
            }
        },
        "no-case": {
            "version": "3.0.4",
            "resolved": "https://registry.npmjs.org/no-case/-/no-case-3.0.4.tgz",
            "integrity": "sha512-fgAN3jGAh+RoxUGZHTSOLJIqUc2wmoBwGR4tbpNAKmmovFoWq0OdRkb0VkldReO2a2iBT/OEulG9XSUc10r3zg==",
            "requires": {
                "lower-case": "^2.0.2",
                "tslib": "^2.0.3"
            }
        },
        "snake-case": {
            "version": "3.0.4",
            "resolved": "https://registry.npmjs.org/snake-case/-/snake-case-3.0.4.tgz",
            "integrity": "sha512-LAOh4z89bGQvl9pFfNF8V146i7o7/CqFPbqzYgP+yYzDIDeS9HaNFtXABamRW+AQzEVODcvE79ljJ+8a9YSdMg==",
            "requires": {
                "dot-case": "^3.0.4",
                "tslib": "^2.0.3"
            }
        },
        "tslib": {
            "version": "2.4.0",
            "resolved": "https://registry.npmjs.org/tslib/-/tslib-2.4.0.tgz",
            "integrity": "sha512-d6xOpEDfsi2CZVlPQzGeux8XMwLT9hssAsaPYExaQMuYskwb+x1x7J371tWlbBdWHroy99KnVB6qIkUbs5X3UQ=="
        },
        "typescript": {
            "version": "4.4.4",
            "resolved": "https://registry.npmjs.org/typescript/-/typescript-4.4.4.tgz",
            "integrity": "sha512-DqGhF5IKoBl8WNf8C1gu8q0xZSInh9j1kJJMqT3a94w1JzVaBU4EXOSMrz9yDqMT0xt3selp83fuFMQ0uzv6qA=="
        }
    }
}
